<?xml version="1.0" encoding="utf-8"?>
<Project ToolsVersion="4.0" xmlns="http://schemas.microsoft.com/developer/msbuild/2003">
  <ItemGroup>
    <Filter Include="Исходные файлы">
      <UniqueIdentifier>{4FC737F1-C7A5-4376-A066-2A32D752A2FF}</UniqueIdentifier>
      <Extensions>cpp;c;cc;cxx;c++;cppm;ixx;def;odl;idl;hpj;bat;asm;asmx</Extensions>
    </Filter>
    <Filter Include="Файлы заголовков">
      <UniqueIdentifier>{93995380-89BD-4b04-88EB-625FBE52EBFB}</UniqueIdentifier>
      <Extensions>h;hh;hpp;hxx;h++;hm;inl;inc;ipp;xsd</Extensions>
    </Filter>
    <Filter Include="Файлы ресурсов">
      <UniqueIdentifier>{67DA6AB6-F800-4c08-8B7A-83BB121AAD01}</UniqueIdentifier>
      <Extensions>rc;ico;cur;bmp;dlg;rc2;rct;bin;rgs;gif;jpg;jpeg;jpe;resx;tiff;tif;png;wav;mfcribbon-ms</Extensions>
    </Filter>
    <Filter Include="Исходные файлы\Mesh">
      <UniqueIdentifier>{f9893732-8e24-4f23-8f33-5b05ef747bda}</UniqueIdentifier>
    </Filter>
    <Filter Include="Файлы заголовков\Mesh">
      <UniqueIdentifier>{1e34c619-5409-4312-845e-475cf60b4f3e}</UniqueIdentifier>
    </Filter>
    <Filter Include="Файлы заголовков\FEM">
      <UniqueIdentifier>{54409a6e-a1be-4ee3-9b28-05e10f2b42c4}</UniqueIdentifier>
    </Filter>
    <Filter Include="Исходные файлы\FEM">
      <UniqueIdentifier>{de53409f-9292-4c28-9190-54982f5b2784}</UniqueIdentifier>
    </Filter>
    <Filter Include="Файлы заголовков\Drawer">
      <UniqueIdentifier>{461d0a07-968e-4ff6-a908-cad7a9665155}</UniqueIdentifier>
    </Filter>
    <Filter Include="Исходные файлы\Drawer">
      <UniqueIdentifier>{0dcd6cf6-8693-4456-85e0-7569fd973747}</UniqueIdentifier>
    </Filter>
    <Filter Include="Исходные файлы\Functions">
      <UniqueIdentifier>{5eb47d78-37f0-42d3-be9e-780d1bc98a24}</UniqueIdentifier>
    </Filter>
    <Filter Include="Файлы заголовков\Functions">
      <UniqueIdentifier>{b43d1167-5580-40e1-bc0f-c2cda1412efb}</UniqueIdentifier>
    </Filter>
    <Filter Include="Исходные файлы\Integration">
      <UniqueIdentifier>{404e35e9-a3c8-4209-bfe0-8d3daf376c13}</UniqueIdentifier>
    </Filter>
    <Filter Include="Файлы заголовков\Integration">
      <UniqueIdentifier>{5712dae0-1538-403a-a50f-3ebe785c3d09}</UniqueIdentifier>
    </Filter>
    <Filter Include="Исходные файлы\Logger">
      <UniqueIdentifier>{a7b90fd1-c2b5-4f11-8fda-09a9017e523f}</UniqueIdentifier>
    </Filter>
    <Filter Include="Файлы заголовков\Logger">
      <UniqueIdentifier>{010cc978-c472-472e-bc2e-1c5f273e5993}</UniqueIdentifier>
    </Filter>
    <Filter Include="Исходные файлы\Mathematical_objects">
      <UniqueIdentifier>{10e6b052-9509-4c90-9477-df79177d38b8}</UniqueIdentifier>
    </Filter>
    <Filter Include="Файлы заголовков\Mathematical_objects">
      <UniqueIdentifier>{0ab48404-3777-4f48-94a1-e24ee7690f00}</UniqueIdentifier>
    </Filter>
    <Filter Include="Файлы заголовков\Solvers">
      <UniqueIdentifier>{017c0400-bcec-4e3b-967b-b82368ce8b78}</UniqueIdentifier>
    </Filter>
    <Filter Include="Исходные файлы\Solvers">
      <UniqueIdentifier>{4737e54d-0914-4ae9-98f9-82b24542f769}</UniqueIdentifier>
    </Filter>
  </ItemGroup>
  <ItemGroup>
    <Text Include="Data\Input\input.txt">
      <Filter>Файлы ресурсов</Filter>
    </Text>
    <Text Include="Data\Input\input1.txt">
      <Filter>Файлы ресурсов</Filter>
    </Text>
    <Text Include="Data\Input\input2.txt">
      <Filter>Файлы ресурсов</Filter>
    </Text>
    <Text Include="Data\Input\input3.txt">
      <Filter>Файлы ресурсов</Filter>
    </Text>
    <Text Include="Data\Input\input4.txt">
      <Filter>Файлы ресурсов</Filter>
    </Text>
    <Text Include="Data\Input\input5.txt">
      <Filter>Файлы ресурсов</Filter>
    </Text>
    <Text Include="Data\Input\testInput.txt">
      <Filter>Файлы ресурсов</Filter>
    </Text>
    <Text Include="Data\Input\test_straight.txt">
      <Filter>Файлы ресурсов</Filter>
    </Text>
  </ItemGroup>
  <ItemGroup>
    <ClCompile Include="CourseProject.cpp">
      <Filter>Исходные файлы</Filter>
    </ClCompile>
    <ClCompile Include="Drawer\Drawer.cpp">
      <Filter>Исходные файлы\Drawer</Filter>
    </ClCompile>
    <ClCompile Include="FEM\FEM.cpp">
      <Filter>Исходные файлы\FEM</Filter>
    </ClCompile>
    <ClCompile Include="Functions\BasisFunction.cpp">
      <Filter>Исходные файлы\Functions</Filter>
    </ClCompile>
    <ClCompile Include="Functions\Function.cpp">
      <Filter>Исходные файлы\Functions</Filter>
    </ClCompile>
    <ClCompile Include="Integration\Integration.cpp">
      <Filter>Исходные файлы\Integration</Filter>
    </ClCompile>
    <ClCompile Include="Logger\Logger.cpp">
      <Filter>Исходные файлы\Logger</Filter>
    </ClCompile>
    <ClCompile Include="Mathematical_objects\GlobalMatrix.cpp">
      <Filter>Исходные файлы\Mathematical_objects</Filter>
    </ClCompile>
    <ClCompile Include="Mathematical_objects\GlobalVector.cpp">
      <Filter>Исходные файлы\Mathematical_objects</Filter>
    </ClCompile>
    <ClCompile Include="Mathematical_objects\JacobiMatrix.cpp">
      <Filter>Исходные файлы\Mathematical_objects</Filter>
    </ClCompile>
    <ClCompile Include="Mathematical_objects\LocalMatrix.cpp">
      <Filter>Исходные файлы\Mathematical_objects</Filter>
    </ClCompile>
    <ClCompile Include="Mathematical_objects\LocalVector.cpp">
      <Filter>Исходные файлы\Mathematical_objects</Filter>
    </ClCompile>
    <ClCompile Include="Mathematical_objects\Matrix.cpp">
      <Filter>Исходные файлы\Mathematical_objects</Filter>
    </ClCompile>
    <ClCompile Include="Mathematical_objects\Vector.cpp">
      <Filter>Исходные файлы\Mathematical_objects</Filter>
    </ClCompile>
    <ClCompile Include="Mesh\Mesh.cpp">
      <Filter>Исходные файлы\Mesh</Filter>
    </ClCompile>
    <ClCompile Include="Mesh\MeshFileStreamer.cpp">
      <Filter>Исходные файлы\Mesh</Filter>
    </ClCompile>
    <ClCompile Include="Mesh\MeshGenerator.cpp">
      <Filter>Исходные файлы\Mesh</Filter>
    </ClCompile>
    <ClCompile Include="Solvers\LOS.cpp">
      <Filter>Исходные файлы\Solvers</Filter>
    </ClCompile>
    <ClCompile Include="Solvers\LULOS.cpp">
      <Filter>Исходные файлы\Solvers</Filter>
    </ClCompile>
    <ClCompile Include="Solvers\Pardiso.cpp">
      <Filter>Исходные файлы\Solvers</Filter>
    </ClCompile>
    <ClCompile Include="Solvers\Solver.cpp">
      <Filter>Исходные файлы\Solvers</Filter>
    </ClCompile>
  </ItemGroup>
  <ItemGroup>
    <ClInclude Include="MainHeader.h">
      <Filter>Файлы заголовков</Filter>
    </ClInclude>
    <ClInclude Include="Drawer\Drawer.h">
      <Filter>Файлы заголовков\Drawer</Filter>
    </ClInclude>
    <ClInclude Include="FEM\FEM.h">
      <Filter>Файлы заголовков\FEM</Filter>
    </ClInclude>
    <ClInclude Include="Functions\BasisFunction.h">
      <Filter>Файлы заголовков\Functions</Filter>
    </ClInclude>
    <ClInclude Include="Functions\Function.h">
      <Filter>Файлы заголовков\Functions</Filter>
    </ClInclude>
    <ClInclude Include="Integration\Integration.h">
      <Filter>Файлы заголовков\Integration</Filter>
    </ClInclude>
    <ClInclude Include="Logger\Logger.h">
      <Filter>Файлы заголовков\Logger</Filter>
    </ClInclude>
    <ClInclude Include="Mathematical_objects\GlobalMatrix.h">
      <Filter>Файлы заголовков\Mathematical_objects</Filter>
    </ClInclude>
    <ClInclude Include="Mathematical_objects\GlobalVector.h">
      <Filter>Файлы заголовков\Mathematical_objects</Filter>
    </ClInclude>
    <ClInclude Include="Mathematical_objects\JacobiMatrix.h">
      <Filter>Файлы заголовков\Mathematical_objects</Filter>
    </ClInclude>
    <ClInclude Include="Mathematical_objects\LocalMatrix.h">
      <Filter>Файлы заголовков\Mathematical_objects</Filter>
    </ClInclude>
    <ClInclude Include="Mathematical_objects\LocalVector.h">
      <Filter>Файлы заголовков\Mathematical_objects</Filter>
    </ClInclude>
    <ClInclude Include="Mathematical_objects\MathematicalHeader.h">
      <Filter>Файлы заголовков\Mathematical_objects</Filter>
    </ClInclude>
    <ClInclude Include="Mathematical_objects\Matrix.h">
      <Filter>Файлы заголовков\Mathematical_objects</Filter>
    </ClInclude>
    <ClInclude Include="Mathematical_objects\Vector.h">
      <Filter>Файлы заголовков\Mathematical_objects</Filter>
    </ClInclude>
    <ClInclude Include="Mesh\Mesh.h">
      <Filter>Файлы заголовков\Mesh</Filter>
    </ClInclude>
    <ClInclude Include="Mesh\MeshFileStreamer.h">
      <Filter>Файлы заголовков\Mesh</Filter>
    </ClInclude>
    <ClInclude Include="Mesh\MeshGenerator.h">
      <Filter>Файлы заголовков\Mesh</Filter>
    </ClInclude>
    <ClInclude Include="Mesh\MeshHeader.h">
      <Filter>Файлы заголовков\Mesh</Filter>
    </ClInclude>
    <ClInclude Include="Solvers\LOS.h">
      <Filter>Файлы заголовков\Solvers</Filter>
    </ClInclude>
    <ClInclude Include="Solvers\LULOS.h">
      <Filter>Файлы заголовков\Solvers</Filter>
    </ClInclude>
    <ClInclude Include="Solvers\Pardiso.h">
      <Filter>Файлы заголовков\Solvers</Filter>
    </ClInclude>
    <ClInclude Include="Solvers\Solver.h">
      <Filter>Файлы заголовков\Solvers</Filter>
    </ClInclude>
    <ClInclude Include="Solvers\MainSolverHeader.h">
      <Filter>Файлы заголовков\Solvers</Filter>
    </ClInclude>
  </ItemGroup>
</Project>