<?xml version="1.0" encoding="utf-8"?>
<Project ToolsVersion="4.0" xmlns="http://schemas.microsoft.com/developer/msbuild/2003">
  <ItemGroup>
    <Filter Include="Исходные файлы">
      <UniqueIdentifier>{4FC737F1-C7A5-4376-A066-2A32D752A2FF}</UniqueIdentifier>
      <Extensions>cpp;c;cc;cxx;c++;cppm;ixx;def;odl;idl;hpj;bat;asm;asmx</Extensions>
    </Filter>
    <Filter Include="Файлы заголовков">
      <UniqueIdentifier>{93995380-89BD-4b04-88EB-625FBE52EBFB}</UniqueIdentifier>
      <Extensions>h;hh;hpp;hxx;h++;hm;inl;inc;ipp;xsd</Extensions>
    </Filter>
    <Filter Include="Файлы ресурсов">
      <UniqueIdentifier>{67DA6AB6-F800-4c08-8B7A-83BB121AAD01}</UniqueIdentifier>
      <Extensions>rc;ico;cur;bmp;dlg;rc2;rct;bin;rgs;gif;jpg;jpeg;jpe;resx;tiff;tif;png;wav;mfcribbon-ms</Extensions>
    </Filter>
    <Filter Include="Исходные файлы\Mesh">
      <UniqueIdentifier>{f9893732-8e24-4f23-8f33-5b05ef747bda}</UniqueIdentifier>
    </Filter>
    <Filter Include="Файлы заголовков\Mesh">
      <UniqueIdentifier>{1e34c619-5409-4312-845e-475cf60b4f3e}</UniqueIdentifier>
    </Filter>
    <Filter Include="Файлы заголовков\FEM">
      <UniqueIdentifier>{54409a6e-a1be-4ee3-9b28-05e10f2b42c4}</UniqueIdentifier>
    </Filter>
    <Filter Include="Исходные файлы\FEM">
      <UniqueIdentifier>{de53409f-9292-4c28-9190-54982f5b2784}</UniqueIdentifier>
    </Filter>
    <Filter Include="Файлы заголовков\Mathematical objects">
      <UniqueIdentifier>{0026f72f-b35c-43ee-b21b-d100169be0e1}</UniqueIdentifier>
    </Filter>
    <Filter Include="Исходные файлы\Mathematical objects">
      <UniqueIdentifier>{7641865f-4cc8-4b49-a720-f5cb89022fe8}</UniqueIdentifier>
    </Filter>
  </ItemGroup>
  <ItemGroup>
    <Text Include="Data\Input\input.txt">
      <Filter>Файлы ресурсов</Filter>
    </Text>
    <Text Include="Data\Input\input1.txt">
      <Filter>Файлы ресурсов</Filter>
    </Text>
    <Text Include="Data\Input\input2.txt">
      <Filter>Файлы ресурсов</Filter>
    </Text>
    <Text Include="Data\Input\input3.txt">
      <Filter>Файлы ресурсов</Filter>
    </Text>
    <Text Include="Data\Input\input4.txt">
      <Filter>Файлы ресурсов</Filter>
    </Text>
    <Text Include="Data\Input\input5.txt">
      <Filter>Файлы ресурсов</Filter>
    </Text>
    <Text Include="Data\Input\testInput.txt">
      <Filter>Файлы ресурсов</Filter>
    </Text>
  </ItemGroup>
  <ItemGroup>
    <ClCompile Include="CourseProject.cpp">
      <Filter>Исходные файлы</Filter>
    </ClCompile>
    <ClCompile Include="Drawer\Drawer.cpp">
      <Filter>Исходные файлы</Filter>
    </ClCompile>
    <ClCompile Include="Logger\Logger.cpp">
      <Filter>Исходные файлы</Filter>
    </ClCompile>
    <ClCompile Include="Integration\Integration.cpp">
      <Filter>Исходные файлы</Filter>
    </ClCompile>
    <ClCompile Include="Mesh\Mesh.cpp">
      <Filter>Исходные файлы\Mesh</Filter>
    </ClCompile>
    <ClCompile Include="Mesh\MeshFileStreamer.cpp">
      <Filter>Исходные файлы\Mesh</Filter>
    </ClCompile>
    <ClCompile Include="Mesh\MeshGenerator.cpp">
      <Filter>Исходные файлы\Mesh</Filter>
    </ClCompile>
    <ClCompile Include="FEM.cpp">
      <Filter>Исходные файлы\FEM</Filter>
    </ClCompile>
    <ClCompile Include="Matrix.cpp">
      <Filter>Исходные файлы\Mathematical objects</Filter>
    </ClCompile>
    <ClCompile Include="Vector.cpp">
      <Filter>Исходные файлы\Mathematical objects</Filter>
    </ClCompile>
    <ClCompile Include="GlobalMatrix.cpp">
      <Filter>Исходные файлы\Mathematical objects</Filter>
    </ClCompile>
    <ClCompile Include="LocalMatrix.cpp">
      <Filter>Исходные файлы\Mathematical objects</Filter>
    </ClCompile>
    <ClCompile Include="GlobalVector.cpp">
      <Filter>Исходные файлы\Mathematical objects</Filter>
    </ClCompile>
    <ClCompile Include="LocalVector.cpp">
      <Filter>Исходные файлы\Mathematical objects</Filter>
    </ClCompile>
    <ClCompile Include="JacobiMatrix.cpp">
      <Filter>Исходные файлы\Mathematical objects</Filter>
    </ClCompile>
    <ClCompile Include="BasisFunction.cpp">
      <Filter>Исходные файлы</Filter>
    </ClCompile>
    <ClCompile Include="Function.cpp">
      <Filter>Исходные файлы</Filter>
    </ClCompile>
  </ItemGroup>
  <ItemGroup>
    <ClInclude Include="Drawer\Drawer.h">
      <Filter>Файлы заголовков</Filter>
    </ClInclude>
    <ClInclude Include="Integration\Integration.h">
      <Filter>Файлы заголовков</Filter>
    </ClInclude>
    <ClInclude Include="Logger\Logger.h">
      <Filter>Файлы заголовков</Filter>
    </ClInclude>
    <ClInclude Include="MainHeader.h">
      <Filter>Файлы заголовков</Filter>
    </ClInclude>
    <ClInclude Include="DataTypes.h">
      <Filter>Файлы заголовков</Filter>
    </ClInclude>
    <ClInclude Include="Mesh\MeshHeader.h">
      <Filter>Файлы заголовков\Mesh</Filter>
    </ClInclude>
    <ClInclude Include="Mesh\MeshGenerator.h">
      <Filter>Файлы заголовков\Mesh</Filter>
    </ClInclude>
    <ClInclude Include="Mesh\MeshFileStreamer.h">
      <Filter>Файлы заголовков\Mesh</Filter>
    </ClInclude>
    <ClInclude Include="Mesh\Mesh.h">
      <Filter>Файлы заголовков\Mesh</Filter>
    </ClInclude>
    <ClInclude Include="FEM.h">
      <Filter>Файлы заголовков\FEM</Filter>
    </ClInclude>
    <ClInclude Include="Matrix.h">
      <Filter>Файлы заголовков\Mathematical objects</Filter>
    </ClInclude>
    <ClInclude Include="Vector.h">
      <Filter>Файлы заголовков\Mathematical objects</Filter>
    </ClInclude>
    <ClInclude Include="GlobalMatrix.h">
      <Filter>Файлы заголовков\Mathematical objects</Filter>
    </ClInclude>
    <ClInclude Include="LocalMatrix.h">
      <Filter>Файлы заголовков\Mathematical objects</Filter>
    </ClInclude>
    <ClInclude Include="GlobalVector.h">
      <Filter>Файлы заголовков\Mathematical objects</Filter>
    </ClInclude>
    <ClInclude Include="LocalVector.h">
      <Filter>Файлы заголовков\Mathematical objects</Filter>
    </ClInclude>
    <ClInclude Include="MathematicalHeader.h">
      <Filter>Файлы заголовков\Mathematical objects</Filter>
    </ClInclude>
    <ClInclude Include="JacobiMatrix.h">
      <Filter>Файлы заголовков\Mathematical objects</Filter>
    </ClInclude>
    <ClInclude Include="BasisFunction.h">
      <Filter>Файлы заголовков</Filter>
    </ClInclude>
    <ClInclude Include="Function.h">
      <Filter>Файлы заголовков</Filter>
    </ClInclude>
  </ItemGroup>
</Project>